
Microsoft Visual Studio Solution File, Format Version 12.00
# Visual Studio 2013
VisualStudioVersion = 12.0.31101.0
MinimumVisualStudioVersion = 10.0.40219.1
Project("{2150E333-8FDC-42A3-9474-1A3956D46DE8}") = "UAS", "UAS", "{84276022-A7CB-408B-9540-37A2F624AF6C}"
EndProject
Project("{FAE04EC0-301F-11D3-BF4B-00C04F79EFBC}") = "Blueprint.UAS.Web", "UAS\Blueprint.UAS.Web\Blueprint.UAS.Web.csproj", "{731EF853-A378-4342-8378-2E6A69D6D6F6}"
EndProject
Project("{2150E333-8FDC-42A3-9474-1A3956D46DE8}") = "Tool", "Tool", "{00B0CD82-8851-44B1-80F4-C3AEF5BED7EE}"
EndProject
Project("{2150E333-8FDC-42A3-9474-1A3956D46DE8}") = "Core", "Core", "{92597A2A-A481-4928-A67D-1814C26B703C}"
EndProject
Project("{FAE04EC0-301F-11D3-BF4B-00C04F79EFBC}") = "Blueprint.Tool.ExtMethod", "Tool\Blueprint.Tool.ExtMethods\Blueprint.Tool.ExtMethod.csproj", "{8A76A0BB-676D-42EF-B744-703BCF385A5A}"
EndProject
Project("{FAE04EC0-301F-11D3-BF4B-00C04F79EFBC}") = "Blueprint.UAS.Entity", "UAS\Blueprint.UAS.Entity\Blueprint.UAS.Entity.csproj", "{64979081-CCCF-4A53-A445-75BD9618B7F1}"
EndProject
Project("{FAE04EC0-301F-11D3-BF4B-00C04F79EFBC}") = "Blueprint.Core.BaseBusiness", "Core\Blueprint.Core.Domain\Blueprint.Core.BaseBusiness.csproj", "{51F7D088-0101-4ED7-8500-74888F2976A5}"
EndProject
Project("{FAE04EC0-301F-11D3-BF4B-00C04F79EFBC}") = "Blueprint.Core.BaseDataAccess", "Core\Blueprint.Core.DAL\Blueprint.Core.BaseDataAccess.csproj", "{F6409A30-5247-4252-98FE-AF748302882E}"
EndProject
Project("{FAE04EC0-301F-11D3-BF4B-00C04F79EFBC}") = "Blueprint.UAS.BLL", "UAS\Blueprint.UAS.BLL\Blueprint.UAS.BLL.csproj", "{235D9E8C-AE56-4AE2-9793-FD159C4DFD2B}"
EndProject
Project("{FAE04EC0-301F-11D3-BF4B-00C04F79EFBC}") = "Blueprint.Core.IBusiness", "Core\Blueprint.Core.IBusiness\Blueprint.Core.IBusiness.csproj", "{BE8F9436-74FA-4A38-9DEE-D77A428E5D2B}"
EndProject
Project("{FAE04EC0-301F-11D3-BF4B-00C04F79EFBC}") = "Blueprint.Core.IDataAccess", "Core\Blueprint.Core.IDataAccess\Blueprint.Core.IDataAccess.csproj", "{EC78235C-2B95-4B79-A2BB-F1FD648CEBA4}"
EndProject
Project("{FAE04EC0-301F-11D3-BF4B-00C04F79EFBC}") = "Blueprint.UAS.IBLL", "UAS\Blueprint.UAS.IBLL\Blueprint.UAS.IBLL.csproj", "{31524307-C08A-4049-A987-052EA2A0D9CA}"
EndProject
Global
	GlobalSection(SolutionConfigurationPlatforms) = preSolution
		Debug|Any CPU = Debug|Any CPU
		Release|Any CPU = Release|Any CPU
	EndGlobalSection
	GlobalSection(ProjectConfigurationPlatforms) = postSolution
		{731EF853-A378-4342-8378-2E6A69D6D6F6}.Debug|Any CPU.ActiveCfg = Debug|Any CPU
		{731EF853-A378-4342-8378-2E6A69D6D6F6}.Debug|Any CPU.Build.0 = Debug|Any CPU
		{731EF853-A378-4342-8378-2E6A69D6D6F6}.Release|Any CPU.ActiveCfg = Release|Any CPU
		{731EF853-A378-4342-8378-2E6A69D6D6F6}.Release|Any CPU.Build.0 = Release|Any CPU
		{8A76A0BB-676D-42EF-B744-703BCF385A5A}.Debug|Any CPU.ActiveCfg = Debug|Any CPU
		{8A76A0BB-676D-42EF-B744-703BCF385A5A}.Debug|Any CPU.Build.0 = Debug|Any CPU
		{8A76A0BB-676D-42EF-B744-703BCF385A5A}.Release|Any CPU.ActiveCfg = Release|Any CPU
		{8A76A0BB-676D-42EF-B744-703BCF385A5A}.Release|Any CPU.Build.0 = Release|Any CPU
		{64979081-CCCF-4A53-A445-75BD9618B7F1}.Debug|Any CPU.ActiveCfg = Debug|Any CPU
		{64979081-CCCF-4A53-A445-75BD9618B7F1}.Debug|Any CPU.Build.0 = Debug|Any CPU
		{64979081-CCCF-4A53-A445-75BD9618B7F1}.Release|Any CPU.ActiveCfg = Release|Any CPU
		{64979081-CCCF-4A53-A445-75BD9618B7F1}.Release|Any CPU.Build.0 = Release|Any CPU
		{51F7D088-0101-4ED7-8500-74888F2976A5}.Debug|Any CPU.ActiveCfg = Debug|Any CPU
		{51F7D088-0101-4ED7-8500-74888F2976A5}.Debug|Any CPU.Build.0 = Debug|Any CPU
		{51F7D088-0101-4ED7-8500-74888F2976A5}.Release|Any CPU.ActiveCfg = Release|Any CPU
		{51F7D088-0101-4ED7-8500-74888F2976A5}.Release|Any CPU.Build.0 = Release|Any CPU
		{F6409A30-5247-4252-98FE-AF748302882E}.Debug|Any CPU.ActiveCfg = Debug|Any CPU
		{F6409A30-5247-4252-98FE-AF748302882E}.Debug|Any CPU.Build.0 = Debug|Any CPU
		{F6409A30-5247-4252-98FE-AF748302882E}.Release|Any CPU.ActiveCfg = Release|Any CPU
		{F6409A30-5247-4252-98FE-AF748302882E}.Release|Any CPU.Build.0 = Release|Any CPU
		{235D9E8C-AE56-4AE2-9793-FD159C4DFD2B}.Debug|Any CPU.ActiveCfg = Debug|Any CPU
		{235D9E8C-AE56-4AE2-9793-FD159C4DFD2B}.Debug|Any CPU.Build.0 = Debug|Any CPU
		{235D9E8C-AE56-4AE2-9793-FD159C4DFD2B}.Release|Any CPU.ActiveCfg = Release|Any CPU
		{235D9E8C-AE56-4AE2-9793-FD159C4DFD2B}.Release|Any CPU.Build.0 = Release|Any CPU
		{BE8F9436-74FA-4A38-9DEE-D77A428E5D2B}.Debug|Any CPU.ActiveCfg = Debug|Any CPU
		{BE8F9436-74FA-4A38-9DEE-D77A428E5D2B}.Debug|Any CPU.Build.0 = Debug|Any CPU
		{BE8F9436-74FA-4A38-9DEE-D77A428E5D2B}.Release|Any CPU.ActiveCfg = Release|Any CPU
		{BE8F9436-74FA-4A38-9DEE-D77A428E5D2B}.Release|Any CPU.Build.0 = Release|Any CPU
		{EC78235C-2B95-4B79-A2BB-F1FD648CEBA4}.Debug|Any CPU.ActiveCfg = Debug|Any CPU
		{EC78235C-2B95-4B79-A2BB-F1FD648CEBA4}.Debug|Any CPU.Build.0 = Debug|Any CPU
		{EC78235C-2B95-4B79-A2BB-F1FD648CEBA4}.Release|Any CPU.ActiveCfg = Release|Any CPU
		{EC78235C-2B95-4B79-A2BB-F1FD648CEBA4}.Release|Any CPU.Build.0 = Release|Any CPU
		{31524307-C08A-4049-A987-052EA2A0D9CA}.Debug|Any CPU.ActiveCfg = Debug|Any CPU
		{31524307-C08A-4049-A987-052EA2A0D9CA}.Debug|Any CPU.Build.0 = Debug|Any CPU
		{31524307-C08A-4049-A987-052EA2A0D9CA}.Release|Any CPU.ActiveCfg = Release|Any CPU
		{31524307-C08A-4049-A987-052EA2A0D9CA}.Release|Any CPU.Build.0 = Release|Any CPU
	EndGlobalSection
	GlobalSection(SolutionProperties) = preSolution
		HideSolutionNode = FALSE
	EndGlobalSection
	GlobalSection(NestedProjects) = preSolution
		{731EF853-A378-4342-8378-2E6A69D6D6F6} = {84276022-A7CB-408B-9540-37A2F624AF6C}
		{8A76A0BB-676D-42EF-B744-703BCF385A5A} = {00B0CD82-8851-44B1-80F4-C3AEF5BED7EE}
		{64979081-CCCF-4A53-A445-75BD9618B7F1} = {84276022-A7CB-408B-9540-37A2F624AF6C}
		{51F7D088-0101-4ED7-8500-74888F2976A5} = {92597A2A-A481-4928-A67D-1814C26B703C}
		{F6409A30-5247-4252-98FE-AF748302882E} = {92597A2A-A481-4928-A67D-1814C26B703C}
		{235D9E8C-AE56-4AE2-9793-FD159C4DFD2B} = {84276022-A7CB-408B-9540-37A2F624AF6C}
		{BE8F9436-74FA-4A38-9DEE-D77A428E5D2B} = {92597A2A-A481-4928-A67D-1814C26B703C}
		{EC78235C-2B95-4B79-A2BB-F1FD648CEBA4} = {92597A2A-A481-4928-A67D-1814C26B703C}
		{31524307-C08A-4049-A987-052EA2A0D9CA} = {84276022-A7CB-408B-9540-37A2F624AF6C}
	EndGlobalSection
EndGlobal
